<?xml version="1.0" encoding="utf-8"?>
<Project ToolsVersion="4.0" xmlns="http://schemas.microsoft.com/developer/msbuild/2003">
  <ItemGroup>
    <Filter Include="Source Files">
      <UniqueIdentifier>{5a908046-0da0-4305-b57a-a039bdb714de}</UniqueIdentifier>
      <Extensions>cpp;c;cxx;rc;def;r;odl;idl;hpj;bat</Extensions>
    </Filter>
  </ItemGroup>
  <ItemGroup>
    <ClInclude Include="colours.h">
      <Filter>Source Files</Filter>
    </ClInclude>
    <ClInclude Include="Constructible.h">
      <Filter>Source Files</Filter>
    </ClInclude>
    <ClInclude Include="customobject.h">
      <Filter>Source Files</Filter>
    </ClInclude>
    <ClInclude Include="extcciobject.h">
      <Filter>Source Files</Filter>
    </ClInclude>
    <ClInclude Include="extdefs.h">
      <Filter>Source Files</Filter>
    </ClInclude>
    <ClInclude Include="extdll.h">
      <Filter>Source Files</Filter>
    </ClInclude>
    <ClInclude Include="extMovingAverageObject.h">
      <Filter>Source Files</Filter>
    </ClInclude>
    <ClInclude Include="Factory.h">
      <Filter>Source Files</Filter>
    </ClInclude>
    <ClInclude Include="StdAfx.h">
      <Filter>Source Files</Filter>
    </ClInclude>
  </ItemGroup>
  <ItemGroup>
    <ClCompile Include="customobject.cpp">
      <Filter>Source Files</Filter>
    </ClCompile>
    <ClCompile Include="extcciobject.cpp">
      <Filter>Source Files</Filter>
    </ClCompile>
    <ClCompile Include="extdefs.cpp">
      <Filter>Source Files</Filter>
    </ClCompile>
    <ClCompile Include="extdll.cpp">
      <Filter>Source Files</Filter>
    </ClCompile>
    <ClCompile Include="extMovingAverageObject.cpp">
      <Filter>Source Files</Filter>
    </ClCompile>
    <ClCompile Include="Factory.cpp">
      <Filter>Source Files</Filter>
    </ClCompile>
    <ClCompile Include="StdAfx.cpp">
      <Filter>Source Files</Filter>
    </ClCompile>
  </ItemGroup>
</Project>